
Microsoft Visual Studio Solution File, Format Version 12.00
# Visual Studio 15
VisualStudioVersion = 15.0.27428.1
MinimumVisualStudioVersion = 10.0.40219.1
Project("{FAE04EC0-301F-11D3-BF4B-00C04F79EFBC}") = "LearningInterfaceAndAbstractClassV0.3b", "LearningInterfaceAndAbstractClassV0.3b\LearningInterfaceAndAbstractClassV0.3b.csproj", "{0719EC82-0E0A-463B-917D-BB6BF5AEEAF2}"
EndProject
Global
	GlobalSection(SolutionConfigurationPlatforms) = preSolution
		Debug|Any CPU = Debug|Any CPU
		Release|Any CPU = Release|Any CPU
	EndGlobalSection
	GlobalSection(ProjectConfigurationPlatforms) = postSolution
		{0719EC82-0E0A-463B-917D-BB6BF5AEEAF2}.Debug|Any CPU.ActiveCfg = Debug|Any CPU
		{0719EC82-0E0A-463B-917D-BB6BF5AEEAF2}.Debug|Any CPU.Build.0 = Debug|Any CPU
		{0719EC82-0E0A-463B-917D-BB6BF5AEEAF2}.Release|Any CPU.ActiveCfg = Release|Any CPU
		{0719EC82-0E0A-463B-917D-BB6BF5AEEAF2}.Release|Any CPU.Build.0 = Release|Any CPU
	EndGlobalSection
	GlobalSection(SolutionProperties) = preSolution
		HideSolutionNode = FALSE
	EndGlobalSection
	GlobalSection(ExtensibilityGlobals) = postSolution
		SolutionGuid = {DC869EC7-3821-4278-BD11-773C0E6129D3}
	EndGlobalSection
EndGlobal
